
Microsoft Visual Studio Solution File, Format Version 12.00
# Visual Studio 15
VisualStudioVersion = 15.0.27130.2027
MinimumVisualStudioVersion = 10.0.40219.1
Project("{FAE04EC0-301F-11D3-BF4B-00C04F79EFBC}") = "example_4_rj", "example_4_rj\example_4_rj.csproj", "{630B550B-5782-404A-BEFC-1E4EDBE4DDE9}"
EndProject
Global
	GlobalSection(SolutionConfigurationPlatforms) = preSolution
		Debug|Any CPU = Debug|Any CPU
		Release|Any CPU = Release|Any CPU
	EndGlobalSection
	GlobalSection(ProjectConfigurationPlatforms) = postSolution
		{630B550B-5782-404A-BEFC-1E4EDBE4DDE9}.Debug|Any CPU.ActiveCfg = Debug|Any CPU
		{630B550B-5782-404A-BEFC-1E4EDBE4DDE9}.Debug|Any CPU.Build.0 = Debug|Any CPU
		{630B550B-5782-404A-BEFC-1E4EDBE4DDE9}.Release|Any CPU.ActiveCfg = Release|Any CPU
		{630B550B-5782-404A-BEFC-1E4EDBE4DDE9}.Release|Any CPU.Build.0 = Release|Any CPU
	EndGlobalSection
	GlobalSection(SolutionProperties) = preSolution
		HideSolutionNode = FALSE
	EndGlobalSection
	GlobalSection(ExtensibilityGlobals) = postSolution
		SolutionGuid = {FB13174C-6C72-405D-BC80-1D7364D25C2A}
	EndGlobalSection
EndGlobal
